# THIS IS AN AUTOGENERATED FILE. DO NOT EDIT THIS FILE DIRECTLY.
# yarn lockfile v1


"@types/prop-types@*":
  version "15.7.5"
  resolved "https://registry.yarnpkg.com/@types/prop-types/-/prop-types-15.7.5.tgz#5f19d2b85a98e9558036f6a3cacc8819420f05cf"
  integrity sha512-JCB8C6SnDoQf0cNycqd/35A7MjcnK+ZTqE7judS6o7utxUCg6imJg3QK2qzHKszlTjcj2cn+NwMB2i96ubpj7w==

"@types/react-bootstrap@^0.32.30":
  version "0.32.30"
  resolved "https://registry.yarnpkg.com/@types/react-bootstrap/-/react-bootstrap-0.32.30.tgz#159ad4794d0b3e1c4e8bed82a7b6eba61e84b31a"
  integrity sha512-VylYVY38aitDEyvM/h9IBmdwVzwRNcP2zJS2OA12M5lDzGSzzmYAoSaKnR3Ew7VN8xxw0mIlWEMhc2ZYPeeqWg==
  dependencies:
    "@types/react" "*"

"@types/react@*":
  version "18.0.17"
  resolved "https://registry.yarnpkg.com/@types/react/-/react-18.0.17.tgz#4583d9c322d67efe4b39a935d223edcc7050ccf4"
  integrity sha512-38ETy4tL+rn4uQQi7mB81G7V1g0u2ryquNmsVIOKUAEIDK+3CUjZ6rSRpdvS99dNBnkLFL83qfmtLacGOTIhwQ==
  dependencies:
    "@types/prop-types" "*"
    "@types/scheduler" "*"
    csstype "^3.0.2"

"@types/scheduler@*":
  version "0.16.2"
  resolved "https://registry.yarnpkg.com/@types/scheduler/-/scheduler-0.16.2.tgz#1a62f89525723dde24ba1b01b092bf5df8ad4d39"
  integrity sha512-hppQEBDmlwhFAXKJX2KnWLYu5yMfi91yazPb2l+lbJiwW+wdo1gNeRA+3RgNSO39WYX2euey41KEwnqesU2Jew==

bootstrap@5:
  version "5.2.0"
  resolved "https://registry.yarnpkg.com/bootstrap/-/bootstrap-5.2.0.tgz#838727fb60f1630db370fe57c63cbcf2962bb3d3"
  integrity sha512-qlnS9GL6YZE6Wnef46GxGv1UpGGzAwO0aPL1yOjzDIJpeApeMvqV24iL+pjr2kU4dduoBA9fINKWKgMToobx9A==

csstype@^3.0.2:
  version "3.1.0"
  resolved "https://registry.yarnpkg.com/csstype/-/csstype-3.1.0.tgz#4ddcac3718d787cf9df0d1b7d15033925c8f29f2"
  integrity sha512-uX1KG+x9h5hIJsaKR9xHUeUraxf8IODOwq9JLNPq6BwB04a/xgpq3rcx47l5BZu5zBPlgD342tdke3Hom/nJRA==
